
Microsoft Visual Studio Solution File, Format Version 11.00
# Visual Studio 2010
Project("{FAE04EC0-301F-11D3-BF4B-00C04F79EFBC}") = "FoxwallDashboard", "FoxwallDashboard.csproj", "{C7389D3D-314D-4A68-BF9D-C5F0E8C5ADF6}"
EndProject
Project("{FAE04EC0-301F-11D3-BF4B-00C04F79EFBC}") = "Tests", "Tests\Tests\Tests.csproj", "{7B52AD46-8AAC-4EB8-9BD1-A3754331820B}"
EndProject
Project("{2150E333-8FDC-42A3-9474-1A3956D46DE8}") = "Solution Items", "Solution Items", "{96B5769B-C880-4815-B09F-1A42D8D2822C}"
	ProjectSection(SolutionItems) = preProject
		CodeCoverage.testsettings = CodeCoverage.testsettings
		FoxwallDashboard.vsmdi = FoxwallDashboard.vsmdi
		Local.testsettings = Local.testsettings
		TraceAndTestImpact.testsettings = TraceAndTestImpact.testsettings
	EndProjectSection
EndProject
Global
	GlobalSection(TestCaseManagementSettings) = postSolution
		CategoryFile = FoxwallDashboard.vsmdi
	EndGlobalSection
	GlobalSection(SolutionConfigurationPlatforms) = preSolution
		Debug|Any CPU = Debug|Any CPU
		Release|Any CPU = Release|Any CPU
	EndGlobalSection
	GlobalSection(ProjectConfigurationPlatforms) = postSolution
		{C7389D3D-314D-4A68-BF9D-C5F0E8C5ADF6}.Debug|Any CPU.ActiveCfg = Debug|Any CPU
		{C7389D3D-314D-4A68-BF9D-C5F0E8C5ADF6}.Debug|Any CPU.Build.0 = Debug|Any CPU
		{C7389D3D-314D-4A68-BF9D-C5F0E8C5ADF6}.Release|Any CPU.ActiveCfg = Release|Any CPU
		{C7389D3D-314D-4A68-BF9D-C5F0E8C5ADF6}.Release|Any CPU.Build.0 = Release|Any CPU
		{7B52AD46-8AAC-4EB8-9BD1-A3754331820B}.Debug|Any CPU.ActiveCfg = Debug|Any CPU
		{7B52AD46-8AAC-4EB8-9BD1-A3754331820B}.Debug|Any CPU.Build.0 = Debug|Any CPU
		{7B52AD46-8AAC-4EB8-9BD1-A3754331820B}.Release|Any CPU.ActiveCfg = Release|Any CPU
		{7B52AD46-8AAC-4EB8-9BD1-A3754331820B}.Release|Any CPU.Build.0 = Release|Any CPU
	EndGlobalSection
	GlobalSection(SolutionProperties) = preSolution
		HideSolutionNode = FALSE
	EndGlobalSection
EndGlobal
